
Microsoft Visual Studio Solution File, Format Version 12.00
# Visual Studio Version 17
VisualStudioVersion = 17.13.35825.156 d17.13
MinimumVisualStudioVersion = 10.0.40219.1
Project("{FAE04EC0-301F-11D3-BF4B-00C04F79EFBC}") = "MauiTestApp", "MauiTestApp\MauiTestApp.csproj", "{1D848019-DDF9-4A6E-AA0F-98D663E75C0B}"
EndProject
Global
	GlobalSection(SolutionConfigurationPlatforms) = preSolution
		Debug|Any CPU = Debug|Any CPU
		Release|Any CPU = Release|Any CPU
	EndGlobalSection
	GlobalSection(ProjectConfigurationPlatforms) = postSolution
		{1D848019-DDF9-4A6E-AA0F-98D663E75C0B}.Debug|Any CPU.ActiveCfg = Debug|Any CPU
		{1D848019-DDF9-4A6E-AA0F-98D663E75C0B}.Debug|Any CPU.Build.0 = Debug|Any CPU
		{1D848019-DDF9-4A6E-AA0F-98D663E75C0B}.Debug|Any CPU.Deploy.0 = Debug|Any CPU
		{1D848019-DDF9-4A6E-AA0F-98D663E75C0B}.Release|Any CPU.ActiveCfg = Release|Any CPU
		{1D848019-DDF9-4A6E-AA0F-98D663E75C0B}.Release|Any CPU.Build.0 = Release|Any CPU
		{1D848019-DDF9-4A6E-AA0F-98D663E75C0B}.Release|Any CPU.Deploy.0 = Release|Any CPU
	EndGlobalSection
	GlobalSection(SolutionProperties) = preSolution
		HideSolutionNode = FALSE
	EndGlobalSection
	GlobalSection(ExtensibilityGlobals) = postSolution
		SolutionGuid = {681F68F6-7B2B-4EF2-B87C-556C5D3C6187}
	EndGlobalSection
EndGlobal
